
Microsoft Visual Studio Solution File, Format Version 12.00
# Visual Studio Version 16
VisualStudioVersion = 16.0.33529.622
MinimumVisualStudioVersion = 10.0.40219.1
Project("{FAE04EC0-301F-11D3-BF4B-00C04F79EFBC}") = "GBIACK", "GBIACK\GBIACK.csproj", "{7CB364C5-FB28-4AAA-B72F-A9E9E9EB8070}"
EndProject
Global
	GlobalSection(SolutionConfigurationPlatforms) = preSolution
		Debug|Any CPU = Debug|Any CPU
		Release|Any CPU = Release|Any CPU
	EndGlobalSection
	GlobalSection(ProjectConfigurationPlatforms) = postSolution
		{7CB364C5-FB28-4AAA-B72F-A9E9E9EB8070}.Debug|Any CPU.ActiveCfg = Debug|Any CPU
		{7CB364C5-FB28-4AAA-B72F-A9E9E9EB8070}.Debug|Any CPU.Build.0 = Debug|Any CPU
		{7CB364C5-FB28-4AAA-B72F-A9E9E9EB8070}.Release|Any CPU.ActiveCfg = Release|Any CPU
		{7CB364C5-FB28-4AAA-B72F-A9E9E9EB8070}.Release|Any CPU.Build.0 = Release|Any CPU
	EndGlobalSection
	GlobalSection(SolutionProperties) = preSolution
		HideSolutionNode = FALSE
	EndGlobalSection
	GlobalSection(ExtensibilityGlobals) = postSolution
		SolutionGuid = {F6C1ACD7-9C9E-487B-9F1A-09181AEE4323}
	EndGlobalSection
EndGlobal
